# THIS IS AN AUTOGENERATED FILE. DO NOT EDIT THIS FILE DIRECTLY.
# yarn lockfile v1


markdown-it-image-figures@^2.1.0:
  version "2.1.0"
  resolved "https://registry.yarnpkg.com/markdown-it-image-figures/-/markdown-it-image-figures-2.1.0.tgz#ffe74bd06fff3444bd5695748226198aecf7f1ce"
  integrity sha512-a5FIzzUlK65iGfQlNWH94cyxKpV+Qj8a+4Q3+wVseryHMCOfGaX0aCNtdEkCeb19uGDzVw3Az5tst2hXWAdJ1Q==

markdown-it-imsize@^2.0.1:
  version "2.0.1"
  resolved "https://registry.yarnpkg.com/markdown-it-imsize/-/markdown-it-imsize-2.0.1.tgz#cca0427905d05338a247cb9ca9d968c5cddd5170"
  integrity sha512-5SH90ademqcR8ifQCBXRCfIR4HGfZZOh5pO0j2TglulfSQH+SBXM4Iw/QlTUbSoUwVZArCYgECoMvktDS2kP3w==

markdown-it-task-lists@^2.1.1:
  version "2.1.1"
  resolved "https://registry.yarnpkg.com/markdown-it-task-lists/-/markdown-it-task-lists-2.1.1.tgz#f68f4d2ac2bad5a2c373ba93081a1a6848417088"
  integrity sha512-TxFAc76Jnhb2OUu+n3yz9RMu4CwGfaT788br6HhEDlvWfdeJcLUsxk1Hgw2yJio0OXsxv7pyIPmvECY7bMbluA==
